{
    "_meta": {
        "hash": {
            "sha256": "a17f37191c306865d5b929317a80ccac9a800d7a0acde5bd1dfed2dc40b0e674"
        },
        "pipfile-spec": 6,
        "requires": {
            "python_version": "3.6"
        },
        "sources": [
            {
                "name": "pypi",
                "url": "https://pypi.python.org/simple",
                "verify_ssl": true
            }
        ]
    },
    "default": {
        "e1839a8": {
            "editable": true,
            "path": "."
        },
        "msgpack-python": {
            "hashes": [
                "sha256:378cc8a6d3545b532dfd149da715abae4fda2a3adb6d74e525d0d5e51f46909b"
            ],
            "index": "pypi",
            "version": "==0.5.6"
        },
        "pyzmq": {
            "hashes": [
                "sha256:022cf5ea7bcaa8a06a03c2706e0ae66904b6138b2155577cd34c64bc7cc637ab",
                "sha256:044447ae4b2016a6b8697571fd633f799f860b19b76c4a2fd9b1140d52ee6745",
                "sha256:07ed8aaf7ffe150af873269690cc654ffeca7491f62aae0f3821baa181f8d5fe",
                "sha256:0ff6294e001129a9f22dcbfba186165c7e6f573c46de2704d76f873c94c65416",
                "sha256:10d1910ec381b851aeb024a042a13db178cb1edf125e76a4e9d2548ad103aadb",
                "sha256:12e62ff0d5223ec09b597ab6d73858b9f64a51221399f3cb08aa495e1dff7935",
                "sha256:1f368a82b29f80071781b20663c0fc0c8f6b13273f9f5abe1526af939534f90f",
                "sha256:20bafc4095eab00f41a510579363a3f5e1f5c69d7ee10f1d88895c4df0259183",
                "sha256:2141e6798d5981be04c08996d27962086a1aa3ea536fe9cf7e89817fd4523f86",
                "sha256:23e708fbfdf4ee3107422b69ca65da1b9f056b431fc0888096a8c1d6cd908e8f",
                "sha256:28dbdb90b2f6b131f8f10e6081012e4e25234213433420e67e0c1162de537113",
                "sha256:29b74774a0bfd3c4d98ac853f0bdca55bd9ec89d5b0def5486407cca54472ef8",
                "sha256:2b381aa867ece7d0a82f30a0c7f3d4387b7cf2e0697e33efaa5bed6c5784abcd",
                "sha256:2f67b63f53c6994d601404fd1a329e6d940ac3dd1d92946a93b2b9c70df67b9f",
                "sha256:342ca3077f47ec2ee41b9825142b614e03e026347167cbc72a59b618c4f6106c",
                "sha256:35e635343ff367f697d00fa1484262bb68e36bc74c9b80737eac5a1e04c4e1b1",
                "sha256:385609812eafd9970c3752c51f2f6c4f224807e3e441bcfd8c8273877d00c8a8",
                "sha256:38e106b64bad744fe469dc3dd864f2764d66399178c1bf39d45294cc7980f14f",
                "sha256:39dd252b683816935702825e5bf775df16090619ced9bb4ba68c2d0b6f0c9b18",
                "sha256:407f909c4e8fde62fbdad9ebd448319792258cc0550c2815567a4d9d8d9e6d18",
                "sha256:415ff62ac525d9add1e3550430a09b9928d2d24a20cc4ce809e67caac41219ab",
                "sha256:4805af9614b0b41b7e57d17673459facf85604dac502a5a9244f6e8c9a4de658",
                "sha256:48400b96788cdaca647021bf19a9cd668384f46e4d9c55cf045bdd17f65299c8",
                "sha256:49d30ba7074f469e8167917abf9eb854c6503ae10153034a6d4df33618f1db5f",
                "sha256:4bb798bef181648827019001f6be43e1c48b34b477763b37a8d27d8c06d197b8",
                "sha256:4d6f110c56f7d5b4d64dde3a382ae61b6d48174e30742859d8e971b18b6c9e5c",
                "sha256:55568a020ad2cae9ae36da6058e7ca332a56df968f601cbdb7cf6efb2a77579a",
                "sha256:565bd5ab81f6964fc4067ccf2e00877ad0fa917308975694bbb54378389215f8",
                "sha256:5c558b50402fca1acc94329c5d8f12aa429738904a5cfb32b9ed3c61235221bb",
                "sha256:5e05492be125dce279721d6b54fd1b956546ecc4bcdfcf8e7b4c413bc0874c10",
                "sha256:624fd38071a817644acdae075b92a23ea0bdd126a58148288e8284d23ec361ce",
                "sha256:650389bbfca73955b262b2230423d89992f38ec48033307ae80e700eaa2fbb63",
                "sha256:67975a9e1237b9ccc78f457bef17691bbdd2055a9d26e81ee914ba376846d0ce",
                "sha256:6b1e79bba24f6df1712e3188d5c32c480d8eda03e8ecff44dc8ecb0805fa62f3",
                "sha256:6fd5d0d50cbcf4bc376861529a907bed026a4cbe8c22a500ff8243231ef02433",
                "sha256:71b32a1e827bdcbf73750e60370d3b07685816ff3d8695f450f0f8c3226503f8",
                "sha256:794871988c34727c7f79bdfe2546e6854ae1fa2e1feb382784f23a9c6c63ecb3",
                "sha256:79a87831b47a9f6161ad23fa5e89d5469dc585abc49f90b9b07fea8905ae1234",
                "sha256:7e0113d70b095339e99bb522fe7294f5ae6a7f3b2b8f52f659469a74b5cc7661",
                "sha256:84678153432241bcdca2210cf4ff83560b200556867aea913ffbb960f5d5f340",
                "sha256:8a68f57b7a3f7b6b52ada79876be1efb97c8c0952423436e84d70cc139f16f0d",
                "sha256:8c02a0cd39dc01659b3d6cb70bb3a41aebd9885fd78239acdd8d9c91351c4568",
                "sha256:8c842109d31a9281d678f668629241c405928afbebd913c48a5a8e7aee61f63d",
                "sha256:8dc66f109a245653b19df0f44a5af7a3f14cb8ad6c780ead506158a057bd36ce",
                "sha256:90d88f9d9a2ae6cfb1dc4ea2d1710cdf6456bc1b9a06dd1bb485c5d298f2517e",
                "sha256:9269fbfe3a4eb2009199120861c4571ef1655fdf6951c3e7f233567c94e8c602",
                "sha256:929d548b74c0f82f7f95b54e4a43f9e4ce2523cfb8a54d3f7141e45652304b2a",
                "sha256:99a5a77a10863493a1ee8dece02578c6b32025fb3afff91b40476bc489e81648",
                "sha256:9a39ddb0431a68954bd318b923230fa5b649c9c62b0e8340388820c5f1b15bd2",
                "sha256:9d0ab2936085c85a1fc6f9fd8f89d5235ae99b051e90ec5baa5e73ad44346e1f",
                "sha256:9e5bf6e7239fc9687239de7a283aa8b801ab85371116045b33ae20132a1325d6",
                "sha256:a0f09d85c45f58aa8e715b42f8b26beba68b3b63a8f7049113478aca26efbc30",
                "sha256:a114992a193577cb62233abf8cb2832970f9975805a64740e325d2f895e7f85a",
                "sha256:a3fd44b5046d247e7f0f1660bcafe7b5fb0db55d0934c05dd57dda9e1f823ce7",
                "sha256:ad28ddb40db8e450d7d4bf8a1d765d3f87b63b10e7e9a825a3c130c6371a8c03",
                "sha256:aecd6ceaccc4b594e0092d6513ef3f1c0fa678dd89f86bb8ff1a47014b8fca35",
                "sha256:b815991c7d024bf461f358ad871f2be1135576274caed5749c4828859e40354e",
                "sha256:b861db65f6b8906c8d6db51dde2448f266f0c66bf28db2c37aea50f58a849859",
                "sha256:c3ebf1668664d20c8f7d468955f18379b7d1f7bc8946b13243d050fa3888c7ff",
                "sha256:c56b1a62a1fb87565343c57b6743fd5da6e138b8c6562361d7d9b5ce4acf399a",
                "sha256:c780acddd2934c6831ff832ecbf78a45a7b62d4eb216480f863854a8b7d54fa7",
                "sha256:c890309296f53f9aa32ffcfc51d805705e1982bffd27c9692a8f1e1b8de279f4",
                "sha256:c9cfaf530e6a7ff65f0afe275e99f983f68b54dfb23ea401f0bc297a632766b6",
                "sha256:d904f6595acfaaf99a1a61881fea068500c40374d263e5e073aa4005e5f9c28a",
                "sha256:e06747014a5ad1b28cebf5bc1ddcdaccfb44e9b441d35e6feb1286c8a72e54be",
                "sha256:e1fe30bcd5aea5948c42685fad910cd285eacb2518ea4dc6c170d6b535bee95d",
                "sha256:e753eee6d3b93c5354e8ba0a1d62956ee49355f0a36e00570823ef64e66183f5",
                "sha256:ec9803aca9491fd6f0d853d2a6147f19f8deaaa23b1b713d05c5d09e56ea7142",
                "sha256:efb9e38b2a590282704269585de7eb33bf43dc294cad092e1b172e23d4c217e5",
                "sha256:f07016e3cf088dbfc6e7c5a7b3f540db5c23b0190d539e4fd3e2b5e6beffa4b5",
                "sha256:f392cbea531b7142d1958c0d4a0c9c8d760dc451e5848d8dd3387804d3e3e62c",
                "sha256:f619fd38fc2641abfb53cca719c165182500600b82c695cc548a0f05f764be05",
                "sha256:fefdf9b685fda4141b95ebec975946076a5e0723ff70b037032b2085c5317684",
                "sha256:ffc6b1623d0f9affb351db4ca61f432dca3628a5ee015f9bf2bfbe9c6836881c"
            ],
            "index": "pypi",
            "version": "==23.2.1"
        },
        "sanitized-package": {
            "editable": true,
            "path": "."
        },
        "setuptools": {
            "hashes": [
                "sha256:22c7348c6d2976a52632c67f7ab0cdf40147db7789f9aed18734643fe9cf3373",
                "sha256:4ce92f1e1f8f01233ee9952c04f6b81d1e02939d6e1b488428154974a4d0783e"
            ],
            "markers": "python_version >= '3.6'",
            "version": "==59.6.0"
        },
        "zope.component": {
            "hashes": [
                "sha256:32cbe426ba8fa7b62ce5b211f80f0718a0c749cc7ff09e3f4b43a57f7ccdf5e5",
                "sha256:e955eb9f1e55d30e2d8097c8baa9ee012c356887eef3b0d43e6bfcd4868221e5"
            ],
            "index": "pypi",
            "version": "==5.0.1"
        },
        "zope.event": {
            "hashes": [
                "sha256:2666401939cdaa5f4e0c08cf7f20c9b21423b95e88f4675b1443973bdb080c42",
                "sha256:5e76517f5b9b119acf37ca8819781db6c16ea433f7e2062c4afc2b6fbedb1330"
            ],
            "version": "==4.5.0"
        },
        "zope.hookable": {
            "hashes": [
                "sha256:00615d623295aaaad569a2e77b9659359a0c8cffd8077aaa9c114b55c3c78440",
                "sha256:120c9a4f10db108f93edc7195c2efd15bccf3dda5b7ca45d4af16bf7c04381ad",
                "sha256:16d7ac04fe3bb7e8cfaf5303694ce861af9cecd84e559a1a82d2c7037fc489bc",
                "sha256:2151318d6c9167bdbf9def70c56807488ae95cc2741ec2461d3b30e6ecdf6865",
                "sha256:22d47fcb3769bcdf071289a4e0ae576a00b65ff890c51995d7b2f8b68a9fa86c",
                "sha256:34e1ff9d76c4d65f87ab859cb68f6b3ed2e9b1337c40568347de910fcf963d8c",
                "sha256:3a0f478514051788ff6e070086be44a3caee5962661f422c74562353770995d6",
                "sha256:3b3c9d5f419704f4d8e1327d4061c12a147a43025846bce0d4a6fc01447aeba9",
                "sha256:3c6043bc00e3a49e32a3957207ce07d381f6d343b4b6ea243ccb4314b56a55d4",
                "sha256:48287c32e274672a6d3997415e6b5bea43808029b07255647e93746f3c5c33b7",
                "sha256:4c3018bcf2b39cf5cccf40826f799b4b8c140056db780f96cb0ca332a243bd29",
                "sha256:5496d75a533cdac2dacbce4a3e694dda4b4cbc45d225c1ad914526c8961aa14b",
                "sha256:5e5a8412b91352b0adf2120492ffd5380452632ccd1cd625c937898d5d171d5f",
                "sha256:66d80ecc62fb9f1ad21e9efa1571d18d486ab772ffd674abaa39076ad43837e4",
                "sha256:68bbd32e010b42db5d9878b98b84222f474c0641a42bd8b30bc3deffd05111c3",
                "sha256:71f00eebcd23aa26231f9130144fb146459bb4b665498c84cd0c332d45491cf5",
                "sha256:73d3161798337f7416444d3265d6939e2abd3d0f4bf30dd7116bab04707c1cff",
                "sha256:74d425c708d690f0504711c5ecbcd2573cea4c355c42d2081a85c3bb76db7d6a",
                "sha256:7aa7776c642cad6ea655a8c11ca8b0daa0e5513b5b91dd55b2a3512db259117f",
                "sha256:7dab7c76d0bb151eb21198c7edef834d3bf0812bc40e0183deea527531ae512b",
                "sha256:802c5222a6f09d01fa5d999147c3e4ef74d4f8c33fb376a85990c211b9c52e49",
                "sha256:83c42469b5adb0240d61619076d0eb9a65da5e6acb8ff27dd56c7073321582a7",
                "sha256:883338bfd1b14e56b13c406fb12ce793ade19460aeec7b02cd895351a08468e7",
                "sha256:8abc311ebed511bbe46d95c339e7ec853275e377635b16ea10b6148890cf9b7e",
                "sha256:9f31beced1c28288286197e9f95173314ab4dd88bdc7a1d6aa7f3e45cf743942",
                "sha256:a50320c718610a48cd6f1ebd1c2bd65aeb8501b0a929bbdc88a898a19a744d4c",
                "sha256:ae6f86f1f0dcd999eaf008b4524314624e60aa793c31454df6f86b092494ab60",
                "sha256:af4ed40fd81ef292f0c196f40b59e65b3d19e48e40ccb1490e73a10125b31577",
                "sha256:b0c1c63664ee7389db4e437e24fa6025f334593b2f63ed47e4ae6b1e82257366",
                "sha256:b3e7a4661ddabb933d80c560099f4fca6db4b58a54a97dcaccef90bf6b7bc431",
                "sha256:d3c0632b51dc0f0743054e4ae22672439774b756b632244e745f05bbc4345771",
                "sha256:df68bd26bef4a338c062a8f6a0eca8d27582b212aa74ae58714d410f348cb314",
                "sha256:e3a48050d820722907d9fad9f6e9e30f928e8a6d724aa173abd521dec8964e05",
                "sha256:e45964866a1c59c2660573730ae2409c6168873c412b57cec44b221b374b7c0f",
                "sha256:eb08b8f23a75af9a9003d8990247fd2fdac7e486dafae32d2a147e805545235b",
                "sha256:fabd9152bfb335892a4f980a00e861f31cec09bceffae1e9686189ea1e55141a",
                "sha256:fdd147669c38ea64a3b745a01a217ac21a76b69777ca165fd2953d1c675b1779"
            ],
            "markers": "python_version >= '2.7' and python_version not in '3.0, 3.1, 3.2, 3.3, 3.4'",
            "version": "==5.2"
        },
        "zope.interface": {
            "hashes": [
                "sha256:08f9636e99a9d5410181ba0729e0408d3d8748026ea938f3b970a0249daa8192",
                "sha256:0b465ae0962d49c68aa9733ba92a001b2a0933c317780435f00be7ecb959c702",
                "sha256:0cba8477e300d64a11a9789ed40ee8932b59f9ee05f85276dbb4b59acee5dd09",
                "sha256:0cee5187b60ed26d56eb2960136288ce91bcf61e2a9405660d271d1f122a69a4",
                "sha256:0ea1d73b7c9dcbc5080bb8aaffb776f1c68e807767069b9ccdd06f27a161914a",
                "sha256:0f91b5b948686659a8e28b728ff5e74b1be6bf40cb04704453617e5f1e945ef3",
                "sha256:15e7d1f7a6ee16572e21e3576d2012b2778cbacf75eb4b7400be37455f5ca8bf",
                "sha256:17776ecd3a1fdd2b2cd5373e5ef8b307162f581c693575ec62e7c5399d80794c",
                "sha256:194d0bcb1374ac3e1e023961610dc8f2c78a0f5f634d0c737691e215569e640d",
                "sha256:1c0e316c9add0db48a5b703833881351444398b04111188069a26a61cfb4df78",
                "sha256:205e40ccde0f37496904572035deea747390a8b7dc65146d30b96e2dd1359a83",
                "sha256:273f158fabc5ea33cbc936da0ab3d4ba80ede5351babc4f577d768e057651531",
                "sha256:2876246527c91e101184f63ccd1d716ec9c46519cc5f3d5375a3351c46467c46",
                "sha256:2c98384b254b37ce50eddd55db8d381a5c53b4c10ee66e1e7fe749824f894021",
                "sha256:2e5a26f16503be6c826abca904e45f1a44ff275fdb7e9d1b75c10671c26f8b94",
                "sha256:334701327f37c47fa628fc8b8d28c7d7730ce7daaf4bda1efb741679c2b087fc",
                "sha256:3748fac0d0f6a304e674955ab1365d515993b3a0a865e16a11ec9d86fb307f63",
                "sha256:3c02411a3b62668200910090a0dff17c0b25aaa36145082a5a6adf08fa281e54",
                "sha256:3dd4952748521205697bc2802e4afac5ed4b02909bb799ba1fe239f77fd4e117",
                "sha256:3f24df7124c323fceb53ff6168da70dbfbae1442b4f3da439cd441681f54fe25",
                "sha256:469e2407e0fe9880ac690a3666f03eb4c3c444411a5a5fddfdabc5d184a79f05",
                "sha256:4de4bc9b6d35c5af65b454d3e9bc98c50eb3960d5a3762c9438df57427134b8e",
                "sha256:5208ebd5152e040640518a77827bdfcc73773a15a33d6644015b763b9c9febc1",
                "sha256:52de7fc6c21b419078008f697fd4103dbc763288b1406b4562554bd47514c004",
                "sha256:5bb3489b4558e49ad2c5118137cfeaf59434f9737fa9c5deefc72d22c23822e2",
                "sha256:5dba5f530fec3f0988d83b78cc591b58c0b6eb8431a85edd1569a0539a8a5a0e",
                "sha256:5dd9ca406499444f4c8299f803d4a14edf7890ecc595c8b1c7115c2342cadc5f",
                "sha256:5f931a1c21dfa7a9c573ec1f50a31135ccce84e32507c54e1ea404894c5eb96f",
                "sha256:63b82bb63de7c821428d513607e84c6d97d58afd1fe2eb645030bdc185440120",
                "sha256:66c0061c91b3b9cf542131148ef7ecbecb2690d48d1612ec386de9d36766058f",
                "sha256:6f0c02cbb9691b7c91d5009108f975f8ffeab5dff8f26d62e21c493060eff2a1",
                "sha256:71aace0c42d53abe6fc7f726c5d3b60d90f3c5c055a447950ad6ea9cec2e37d9",
                "sha256:7d97a4306898b05404a0dcdc32d9709b7d8832c0c542b861d9a826301719794e",
                "sha256:7df1e1c05304f26faa49fa752a8c690126cf98b40b91d54e6e9cc3b7d6ffe8b7",
                "sha256:8270252effc60b9642b423189a2fe90eb6b59e87cbee54549db3f5562ff8d1b8",
                "sha256:867a5ad16892bf20e6c4ea2aab1971f45645ff3102ad29bd84c86027fa99997b",
                "sha256:877473e675fdcc113c138813a5dd440da0769a2d81f4d86614e5d62b69497155",
                "sha256:8892f89999ffd992208754851e5a052f6b5db70a1e3f7d54b17c5211e37a98c7",
                "sha256:9a9845c4c6bb56e508651f005c4aeb0404e518c6f000d5a1123ab077ab769f5c",
                "sha256:a1e6e96217a0f72e2b8629e271e1b280c6fa3fe6e59fa8f6701bec14e3354325",
                "sha256:a8156e6a7f5e2a0ff0c5b21d6bcb45145efece1909efcbbbf48c56f8da68221d",
                "sha256:a9506a7e80bcf6eacfff7f804c0ad5350c8c95b9010e4356a4b36f5322f09abb",
                "sha256:af310ec8335016b5e52cae60cda4a4f2a60a788cbb949a4fbea13d441aa5a09e",
                "sha256:b0297b1e05fd128d26cc2460c810d42e205d16d76799526dfa8c8ccd50e74959",
                "sha256:bf68f4b2b6683e52bec69273562df15af352e5ed25d1b6641e7efddc5951d1a7",
                "sha256:d0c1bc2fa9a7285719e5678584f6b92572a5b639d0e471bb8d4b650a1a910920",
                "sha256:d4d9d6c1a455d4babd320203b918ccc7fcbefe308615c521062bc2ba1aa4d26e",
                "sha256:db1fa631737dab9fa0b37f3979d8d2631e348c3b4e8325d6873c2541d0ae5a48",
                "sha256:dd93ea5c0c7f3e25335ab7d22a507b1dc43976e1345508f845efc573d3d779d8",
                "sha256:f44e517131a98f7a76696a7b21b164bcb85291cee106a23beccce454e1f433a4",
                "sha256:f7ee479e96f7ee350db1cf24afa5685a5899e2b34992fb99e1f7c1b0b758d263"
            ],
            "markers": "python_version >= '2.7' and python_version not in '3.0, 3.1, 3.2, 3.3, 3.4'",
            "version": "==5.4.0"
        }
    },
    "develop": {
        "attrs": {
            "hashes": [
                "sha256:29adc2665447e5191d0e7c568fde78b21f9672d344281d0c6e1ab085429b22b6",
                "sha256:86efa402f67bf2df34f51a335487cf46b1ec130d02b8d39fd248abfd30da551c"
            ],
            "markers": "python_version >= '3.5'",
            "version": "==22.1.0"
        },
        "coverage": {
            "hashes": [
                "sha256:01774a2c2c729619760320270e42cd9e797427ecfddd32c2a7b639cdc481f3c0",
                "sha256:03b20e52b7d31be571c9c06b74746746d4eb82fc260e594dc662ed48145e9efd",
                "sha256:0a7726f74ff63f41e95ed3a89fef002916c828bb5fcae83b505b49d81a066884",
                "sha256:1219d760ccfafc03c0822ae2e06e3b1248a8e6d1a70928966bafc6838d3c9e48",
                "sha256:13362889b2d46e8d9f97c421539c97c963e34031ab0cb89e8ca83a10cc71ac76",
                "sha256:174cf9b4bef0db2e8244f82059a5a72bd47e1d40e71c68ab055425172b16b7d0",
                "sha256:17e6c11038d4ed6e8af1407d9e89a2904d573be29d51515f14262d7f10ef0a64",
                "sha256:215f8afcc02a24c2d9a10d3790b21054b58d71f4b3c6f055d4bb1b15cecce685",
                "sha256:22e60a3ca5acba37d1d4a2ee66e051f5b0e1b9ac950b5b0cf4aa5366eda41d47",
                "sha256:2641f803ee9f95b1f387f3e8f3bf28d83d9b69a39e9911e5bfee832bea75240d",
                "sha256:276651978c94a8c5672ea60a2656e95a3cce2a3f31e9fb2d5ebd4c215d095840",
                "sha256:3f7c17209eef285c86f819ff04a6d4cbee9b33ef05cbcaae4c0b4e8e06b3ec8f",
                "sha256:3feac4084291642165c3a0d9eaebedf19ffa505016c4d3db15bfe235718d4971",
                "sha256:49dbff64961bc9bdd2289a2bda6a3a5a331964ba5497f694e2cbd540d656dc1c",
                "sha256:4e547122ca2d244f7c090fe3f4b5a5861255ff66b7ab6d98f44a0222aaf8671a",
                "sha256:5829192582c0ec8ca4a2532407bc14c2f338d9878a10442f5d03804a95fac9de",
                "sha256:5d6b09c972ce9200264c35a1d53d43ca55ef61836d9ec60f0d44273a31aa9f17",
                "sha256:600617008aa82032ddeace2535626d1bc212dfff32b43989539deda63b3f36e4",
                "sha256:619346d57c7126ae49ac95b11b0dc8e36c1dd49d148477461bb66c8cf13bb521",
                "sha256:63c424e6f5b4ab1cf1e23a43b12f542b0ec2e54f99ec9f11b75382152981df57",
                "sha256:6dbc1536e105adda7a6312c778f15aaabe583b0e9a0b0a324990334fd458c94b",
                "sha256:6e1394d24d5938e561fbeaa0cd3d356207579c28bd1792f25a068743f2d5b282",
                "sha256:86f2e78b1eff847609b1ca8050c9e1fa3bd44ce755b2ec30e70f2d3ba3844644",
                "sha256:8bdfe9ff3a4ea37d17f172ac0dff1e1c383aec17a636b9b35906babc9f0f5475",
                "sha256:8e2c35a4c1f269704e90888e56f794e2d9c0262fb0c1b1c8c4ee44d9b9e77b5d",
                "sha256:92b8c845527eae547a2a6617d336adc56394050c3ed8a6918683646328fbb6da",
                "sha256:9365ed5cce5d0cf2c10afc6add145c5037d3148585b8ae0e77cc1efdd6aa2953",
                "sha256:9a29311bd6429be317c1f3fe4bc06c4c5ee45e2fa61b2a19d4d1d6111cb94af2",
                "sha256:9a2b5b52be0a8626fcbffd7e689781bf8c2ac01613e77feda93d96184949a98e",
                "sha256:a4bdeb0a52d1d04123b41d90a4390b096f3ef38eee35e11f0b22c2d031222c6c",
                "sha256:a9c8c4283e17690ff1a7427123ffb428ad6a52ed720d550e299e8291e33184dc",
                "sha256:b637c57fdb8be84e91fac60d9325a66a5981f8086c954ea2772efe28425eaf64",
                "sha256:bf154ba7ee2fd613eb541c2bc03d3d9ac667080a737449d1a3fb342740eb1a74",
                "sha256:c254b03032d5a06de049ce8bca8338a5185f07fb76600afff3c161e053d88617",
                "sha256:c332d8f8d448ded473b97fefe4a0983265af21917d8b0cdcb8bb06b2afe632c3",
                "sha256:c7912d1526299cb04c88288e148c6c87c0df600eca76efd99d84396cfe00ef1d",
                "sha256:cfd9386c1d6f13b37e05a91a8583e802f8059bebfccde61a418c5808dea6bbfa",
                "sha256:d5d2033d5db1d58ae2d62f095e1aefb6988af65b4b12cb8987af409587cc0739",
                "sha256:dca38a21e4423f3edb821292e97cec7ad38086f84313462098568baedf4331f8",
                "sha256:e2cad8093172b7d1595b4ad66f24270808658e11acf43a8f95b41276162eb5b8",
                "sha256:e3db840a4dee542e37e09f30859f1612da90e1c5239a6a2498c473183a50e781",
                "sha256:edcada2e24ed68f019175c2b2af2a8b481d3d084798b8c20d15d34f5c733fa58",
                "sha256:f467bbb837691ab5a8ca359199d3429a11a01e6dfb3d9dcc676dc035ca93c0a9",
                "sha256:f506af4f27def639ba45789fa6fde45f9a217da0be05f8910458e4557eed020c",
                "sha256:f614fc9956d76d8a88a88bb41ddc12709caa755666f580af3a688899721efecd",
                "sha256:f9afb5b746781fc2abce26193d1c817b7eb0e11459510fba65d2bd77fe161d9e",
                "sha256:fb8b8ee99b3fffe4fd86f4c81b35a6bf7e4462cba019997af2fe679365db0c49"
            ],
            "markers": "python_version >= '3.6'",
            "version": "==6.2"
        },
        "distlib": {
            "hashes": [
                "sha256:14bad2d9b04d3a36127ac97f30b12a19268f211063d8f8ee4f47108896e11b46",
                "sha256:f35c4b692542ca110de7ef0bea44d73981caeb34ca0b9b6b2e6d7790dda8f80e"
            ],
            "version": "==0.3.6"
        },
        "execnet": {
            "hashes": [
                "sha256:8f694f3ba9cc92cab508b152dcfe322153975c29bda272e2fd7f3f00f36e47c5",
                "sha256:a295f7cc774947aac58dde7fdc85f4aa00c42adf5d8f5468fc630c1acf30a142"
            ],
            "markers": "python_version >= '2.7' and python_version not in '3.0, 3.1, 3.2, 3.3, 3.4'",
            "version": "==1.9.0"
        },
        "fancycompleter": {
            "hashes": [
                "sha256:09e0feb8ae242abdfd7ef2ba55069a46f011814a80fe5476be48f51b00247272",
                "sha256:dd076bca7d9d524cc7f25ec8f35ef95388ffef9ef46def4d3d25e9b044ad7080"
            ],
            "version": "==0.9.1"
        },
        "filelock": {
            "hashes": [
                "sha256:0f12f552b42b5bf60dba233710bf71337d35494fc8bdd4fd6d9f6d082ad45e06",
                "sha256:a4bc51381e01502a30e9f06dd4fa19a1712eab852b6fb0f84fd7cce0793d8ca3"
            ],
            "markers": "python_version >= '3.6'",
            "version": "==3.4.1"
        },
        "flake8": {
            "hashes": [
                "sha256:1aa8990be1e689d96c745c5682b687ea49f2e05a443aff1f8251092b0014e378",
                "sha256:3b9f848952dddccf635be78098ca75010f073bfe14d2c6bda867154bea728d2a"
            ],
            "index": "pypi",
            "version": "==3.9.1"
        },
        "importlib-metadata": {
            "hashes": [
                "sha256:65a9576a5b2d58ca44d133c42a241905cc45e34d2c06fd5ba2bafa221e5d7b5e",
                "sha256:766abffff765960fcc18003801f7044eb6755ffae4521c8e8ce8e83b9c9b0668"
            ],
            "markers": "python_version < '3.8'",
            "version": "==4.8.3"
        },
        "importlib-resources": {
            "hashes": [
                "sha256:33a95faed5fc19b4bc16b29a6eeae248a3fe69dd55d4d229d2b480e23eeaad45",
                "sha256:d756e2f85dd4de2ba89be0b21dba2a3bbec2e871a42a3a16719258a11f87506b"
            ],
            "markers": "python_version < '3.7'",
            "version": "==5.4.0"
        },
        "iniconfig": {
            "hashes": [
                "sha256:011e24c64b7f47f6ebd835bb12a743f2fbe9a26d4cecaa7f53bc4f35ee9da8b3",
                "sha256:bc3af051d7d14b2ee5ef9969666def0cd1a000e121eaea580d4a313df4b37f32"
            ],
            "version": "==1.1.1"
        },
        "mccabe": {
            "hashes": [
                "sha256:ab8a6258860da4b6677da4bd2fe5dc2c659cff31b3ee4f7f5d64e79735b80d42",
                "sha256:dd8d182285a0fe56bace7f45b5e7d1a6ebcbf524e8f3bd87eb0f125271b8831f"
            ],
            "version": "==0.6.1"
        },
        "packaging": {
            "hashes": [
                "sha256:dd47c42927d89ab911e606518907cc2d3a1f38bbd026385970643f9c5b8ecfeb",
                "sha256:ef103e05f519cdc783ae24ea4e2e0f508a9c99b2d4969652eed6a2e1ea5bd522"
            ],
            "markers": "python_version >= '3.6'",
            "version": "==21.3"
        },
        "pdbpp": {
            "hashes": [
                "sha256:79580568e33eb3d6f6b462b1187f53e10cd8e4538f7d31495c9181e2cf9665d1",
                "sha256:d9e43f4fda388eeb365f2887f4e7b66ac09dce9b6236b76f63616530e2f669f5"
            ],
            "index": "pypi",
            "version": "==0.10.3"
        },
        "pep8": {
            "hashes": [
                "sha256:b22cfae5db09833bb9bd7c8463b53e1a9c9b39f12e304a8d0bba729c501827ee",
                "sha256:fe249b52e20498e59e0b5c5256aa52ee99fc295b26ec9eaa85776ffdb9fe6374"
            ],
            "version": "==1.7.1"
        },
        "platformdirs": {
            "hashes": [
                "sha256:367a5e80b3d04d2428ffa76d33f124cf11e8fff2acdaa9b43d545f5c7d661ef2",
                "sha256:8868bbe3c3c80d42f20156f22e7131d2fb321f5bc86a2a345375c6481a67021d"
            ],
            "markers": "python_version >= '3.6'",
            "version": "==2.4.0"
        },
        "pluggy": {
            "hashes": [
                "sha256:15b2acde666561e1298d71b523007ed7364de07029219b604cf808bfa1c765b0",
                "sha256:966c145cd83c96502c3c3868f50408687b38434af77734af1e9ca461a4081d2d"
            ],
            "markers": "python_version >= '2.7' and python_version not in '3.0, 3.1, 3.2, 3.3'",
            "version": "==0.13.1"
        },
        "py": {
            "hashes": [
                "sha256:51c75c4126074b472f746a24399ad32f6053d1b34b68d2fa41e558e6f4a98719",
                "sha256:607c53218732647dff4acdfcd50cb62615cedf612e72d1724fb1a0cc6405b378"
            ],
            "markers": "python_version >= '2.7' and python_version not in '3.0, 3.1, 3.2, 3.3, 3.4'",
            "version": "==1.11.0"
        },
        "pycodestyle": {
            "hashes": [
                "sha256:514f76d918fcc0b55c6680472f0a37970994e07bbb80725808c17089be302068",
                "sha256:c389c1d06bf7904078ca03399a4816f974a1d590090fecea0c63ec26ebaf1cef"
            ],
            "markers": "python_version >= '2.7' and python_version not in '3.0, 3.1, 3.2, 3.3'",
            "version": "==2.7.0"
        },
        "pyflakes": {
            "hashes": [
                "sha256:7893783d01b8a89811dd72d7dfd4d84ff098e5eed95cfa8905b22bbffe52efc3",
                "sha256:f5bc8ecabc05bb9d291eb5203d6810b49040f6ff446a756326104746cc00c1db"
            ],
            "markers": "python_version >= '2.7' and python_version not in '3.0, 3.1, 3.2, 3.3'",
            "version": "==2.3.1"
        },
        "pygments": {
            "hashes": [
                "sha256:56a8508ae95f98e2b9bdf93a6be5ae3f7d8af858b43e02c5a2ff083726be40c1",
                "sha256:f643f331ab57ba3c9d89212ee4a2dabc6e94f117cf4eefde99a0574720d14c42"
            ],
            "markers": "python_version >= '3.6'",
            "version": "==2.13.0"
        },
        "pyparsing": {
            "hashes": [
                "sha256:2b020ecf7d21b687f219b71ecad3631f644a47f01403fa1d1036b0c6416d70fb",
                "sha256:5026bae9a10eeaefb61dab2f09052b9f4307d44aee4eda64b309723d8d206bbc"
            ],
            "markers": "python_full_version >= '3.6.8'",
            "version": "==3.0.9"
        },
        "pyrepl": {
            "hashes": [
                "sha256:292570f34b5502e871bbb966d639474f2b57fbfcd3373c2d6a2f3d56e681a775"
            ],
            "version": "==0.9.0"
        },
        "pytest": {
            "hashes": [
                "sha256:671238a46e4df0f3498d1c3270e5deb9b32d25134c99b7d75370a68cfbe9b634",
                "sha256:6ad9c7bdf517a808242b998ac20063c41532a570d088d77eec1ee12b0b5574bc"
            ],
            "index": "pypi",
            "version": "==6.2.3"
        },
        "pytest-asyncio": {
            "hashes": [
                "sha256:2564ceb9612bbd560d19ca4b41347b54e7835c2f792c504f698e05395ed63f6f",
                "sha256:3042bcdf1c5d978f6b74d96a151c4cfb9dcece65006198389ccd7e6c60eb1eea"
            ],
            "index": "pypi",
            "version": "==0.15.1"
        },
        "pytest-cache": {
            "hashes": [
                "sha256:be7468edd4d3d83f1e844959fd6e3fd28e77a481440a7118d430130ea31b07a9"
            ],
            "version": "==1.0"
        },
        "pytest-cov": {
            "hashes": [
                "sha256:359952d9d39b9f822d9d29324483e7ba04a3a17dd7d05aa6beb7ea01e359e5f7",
                "sha256:bdb9fdb0b85a7cc825269a4c56b48ccaa5c7e365054b6038772c32ddcdc969da"
            ],
            "index": "pypi",
            "version": "==2.11.1"
        },
        "pytest-pep8": {
            "hashes": [
                "sha256:032ef7e5fa3ac30f4458c73e05bb67b0f036a8a5cb418a534b3170f89f120318"
            ],
            "index": "pypi",
            "version": "==1.0.6"
        },
        "six": {
            "hashes": [
                "sha256:1e61c37477a1626458e36f7b1d82aa5c9b094fa4802892072e49de9c60c4c926",
                "sha256:8abb2f1d86890a2dfb989f9a77cfcfd3e47c2a354b01111771326f8aa26e0254"
            ],
            "markers": "python_version >= '2.7' and python_version not in '3.0, 3.1, 3.2, 3.3'",
            "version": "==1.16.0"
        },
        "toml": {
            "hashes": [
                "sha256:806143ae5bfb6a3c6e736a764057db0e6a0e05e338b5630894a5f779cabb4f9b",
                "sha256:b3bda1d108d5dd99f4a20d24d9c348e91c4db7ab1b749200bded2f839ccbe68f"
            ],
            "markers": "python_version >= '2.6' and python_version not in '3.0, 3.1, 3.2, 3.3'",
            "version": "==0.10.2"
        },
        "tox": {
            "hashes": [
                "sha256:05a4dbd5e4d3d8269b72b55600f0b0303e2eb47ad5c6fe76d3576f4c58d93661",
                "sha256:e007673f3595cede9b17a7c4962389e4305d4a3682a6c5a4159a1453b4f326aa"
            ],
            "index": "pypi",
            "version": "==3.23.0"
        },
        "typing-extensions": {
            "hashes": [
                "sha256:1a9462dcc3347a79b1f1c0271fbe79e844580bb598bafa1ed208b94da3cdcd42",
                "sha256:21c85e0fe4b9a155d0799430b0ad741cdce7e359660ccbd8b530613e8df88ce2"
            ],
            "markers": "python_version < '3.8'",
            "version": "==4.1.1"
        },
        "virtualenv": {
            "hashes": [
                "sha256:227ea1b9994fdc5ea31977ba3383ef296d7472ea85be9d6732e42a91c04e80da",
                "sha256:d07dfc5df5e4e0dbc92862350ad87a36ed505b978f6c39609dc489eadd5b0d27"
            ],
            "markers": "python_version >= '3.6'",
            "version": "==20.16.5"
        },
        "wmctrl": {
            "hashes": [
                "sha256:66cbff72b0ca06a22ec3883ac3a4d7c41078bdae4fb7310f52951769b10e14e0"
            ],
            "version": "==0.4"
        },
        "zipp": {
            "hashes": [
                "sha256:71c644c5369f4a6e07636f0aa966270449561fcea2e3d6747b8d23efaa9d7832",
                "sha256:9fe5ea21568a0a70e50f273397638d39b03353731e6cbbb3fd8502a33fec40bc"
            ],
            "markers": "python_version >= '3.6'",
            "version": "==3.6.0"
        }
    }
}
